<?xml version="1.0" encoding="UTF-8"?>
<Scheme
   version = "1.3">
   <BuildAction>
      <BuildActionEntries>
         <BuildActionEntry
            buildForRunning = "YES">
            <BuildableReference
               BuildableIdentifier = "primary"
               BlueprintIdentifier = "C2431E4224CA2BE5006B2F2E"
               BuildableName = "boilerplate mvvm.app"
               BlueprintName = "boilerplate mvvm"
               ReferencedContainer = "container:boilerplate mvvm.xcodeproj">
            </BuildableReference>
         </BuildActionEntry>
      </BuildActionEntries>
   </BuildAction>
   <LaunchAction
      useCustomWorkingDirectory = "NO"
      buildConfiguration = "Debug"
      allowLocationSimulation = "YES">
      <BuildableProductRunnable>
         <BuildableReference
            BuildableIdentifier = "primary"
            BlueprintIdentifier = "C2431E4224CA2BE5006B2F2E"
            BuildableName = "boilerplate mvvm.app"
            BlueprintName = "boilerplate mvvm"
            ReferencedContainer = "container:boilerplate mvvm.xcodeproj">
         </BuildableReference>
      </BuildableProductRunnable>
   </LaunchAction>
</Scheme>
